
Microsoft Visual Studio Solution File, Format Version 12.00
# Visual Studio 2012
Project("{FAE04EC0-301F-11D3-BF4B-00C04F79EFBC}") = "ClassifiedApp2", "ClassifiedApp2\ClassifiedApp2\ClassifiedApp2.csproj", "{736D1787-CEA8-4FBB-82AB-F3C8447A97BB}"
EndProject
Project("{FAE04EC0-301F-11D3-BF4B-00C04F79EFBC}") = "ClassifiedApp2.Android", "ClassifiedApp2\ClassifiedApp2.Android\ClassifiedApp2.Android.csproj", "{BF547509-9912-42E3-8841-E56011B12423}"
EndProject
Project("{FAE04EC0-301F-11D3-BF4B-00C04F79EFBC}") = "ClassifiedApp2.iOS", "ClassifiedApp2\ClassifiedApp2.iOS\ClassifiedApp2.iOS.csproj", "{FDFA25E7-63A1-4BCE-8E22-50B5FF607370}"
EndProject
Global
	GlobalSection(SolutionConfigurationPlatforms) = preSolution
		Debug|Any CPU = Debug|Any CPU
		Release|Any CPU = Release|Any CPU
		Debug|iPhoneSimulator = Debug|iPhoneSimulator
		Release|iPhoneSimulator = Release|iPhoneSimulator
		Debug|iPhone = Debug|iPhone
		Release|iPhone = Release|iPhone
		Ad-Hoc|iPhone = Ad-Hoc|iPhone
		AppStore|iPhone = AppStore|iPhone
	EndGlobalSection
	GlobalSection(ProjectConfigurationPlatforms) = postSolution
		{736D1787-CEA8-4FBB-82AB-F3C8447A97BB}.Debug|Any CPU.ActiveCfg = Debug|Any CPU
		{736D1787-CEA8-4FBB-82AB-F3C8447A97BB}.Debug|Any CPU.Build.0 = Debug|Any CPU
		{736D1787-CEA8-4FBB-82AB-F3C8447A97BB}.Release|Any CPU.ActiveCfg = Release|Any CPU
		{736D1787-CEA8-4FBB-82AB-F3C8447A97BB}.Release|Any CPU.Build.0 = Release|Any CPU
		{736D1787-CEA8-4FBB-82AB-F3C8447A97BB}.Debug|iPhoneSimulator.ActiveCfg = Debug|Any CPU
		{736D1787-CEA8-4FBB-82AB-F3C8447A97BB}.Debug|iPhoneSimulator.Build.0 = Debug|Any CPU
		{736D1787-CEA8-4FBB-82AB-F3C8447A97BB}.Release|iPhoneSimulator.ActiveCfg = Release|Any CPU
		{736D1787-CEA8-4FBB-82AB-F3C8447A97BB}.Release|iPhoneSimulator.Build.0 = Release|Any CPU
		{736D1787-CEA8-4FBB-82AB-F3C8447A97BB}.Debug|iPhone.ActiveCfg = Debug|Any CPU
		{736D1787-CEA8-4FBB-82AB-F3C8447A97BB}.Debug|iPhone.Build.0 = Debug|Any CPU
		{736D1787-CEA8-4FBB-82AB-F3C8447A97BB}.Release|iPhone.ActiveCfg = Release|Any CPU
		{736D1787-CEA8-4FBB-82AB-F3C8447A97BB}.Release|iPhone.Build.0 = Release|Any CPU
		{736D1787-CEA8-4FBB-82AB-F3C8447A97BB}.Ad-Hoc|iPhone.ActiveCfg = Debug|Any CPU
		{736D1787-CEA8-4FBB-82AB-F3C8447A97BB}.Ad-Hoc|iPhone.Build.0 = Debug|Any CPU
		{736D1787-CEA8-4FBB-82AB-F3C8447A97BB}.AppStore|iPhone.ActiveCfg = Debug|Any CPU
		{736D1787-CEA8-4FBB-82AB-F3C8447A97BB}.AppStore|iPhone.Build.0 = Debug|Any CPU
		{BF547509-9912-42E3-8841-E56011B12423}.Debug|Any CPU.ActiveCfg = Debug|Any CPU
		{BF547509-9912-42E3-8841-E56011B12423}.Debug|Any CPU.Build.0 = Debug|Any CPU
		{BF547509-9912-42E3-8841-E56011B12423}.Release|Any CPU.ActiveCfg = Release|Any CPU
		{BF547509-9912-42E3-8841-E56011B12423}.Release|Any CPU.Build.0 = Release|Any CPU
		{BF547509-9912-42E3-8841-E56011B12423}.Debug|iPhoneSimulator.ActiveCfg = Debug|Any CPU
		{BF547509-9912-42E3-8841-E56011B12423}.Debug|iPhoneSimulator.Build.0 = Debug|Any CPU
		{BF547509-9912-42E3-8841-E56011B12423}.Release|iPhoneSimulator.ActiveCfg = Release|Any CPU
		{BF547509-9912-42E3-8841-E56011B12423}.Release|iPhoneSimulator.Build.0 = Release|Any CPU
		{BF547509-9912-42E3-8841-E56011B12423}.Debug|iPhone.ActiveCfg = Debug|Any CPU
		{BF547509-9912-42E3-8841-E56011B12423}.Debug|iPhone.Build.0 = Debug|Any CPU
		{BF547509-9912-42E3-8841-E56011B12423}.Release|iPhone.ActiveCfg = Release|Any CPU
		{BF547509-9912-42E3-8841-E56011B12423}.Release|iPhone.Build.0 = Release|Any CPU
		{BF547509-9912-42E3-8841-E56011B12423}.Ad-Hoc|iPhone.ActiveCfg = Debug|Any CPU
		{BF547509-9912-42E3-8841-E56011B12423}.Ad-Hoc|iPhone.Build.0 = Debug|Any CPU
		{BF547509-9912-42E3-8841-E56011B12423}.AppStore|iPhone.ActiveCfg = Debug|Any CPU
		{BF547509-9912-42E3-8841-E56011B12423}.AppStore|iPhone.Build.0 = Debug|Any CPU
		{FDFA25E7-63A1-4BCE-8E22-50B5FF607370}.Debug|Any CPU.ActiveCfg = Debug|iPhoneSimulator
		{FDFA25E7-63A1-4BCE-8E22-50B5FF607370}.Debug|Any CPU.Build.0 = Debug|iPhoneSimulator
		{FDFA25E7-63A1-4BCE-8E22-50B5FF607370}.Release|Any CPU.ActiveCfg = Release|iPhoneSimulator
		{FDFA25E7-63A1-4BCE-8E22-50B5FF607370}.Release|Any CPU.Build.0 = Release|iPhoneSimulator
		{FDFA25E7-63A1-4BCE-8E22-50B5FF607370}.Debug|iPhoneSimulator.ActiveCfg = Debug|iPhoneSimulator
		{FDFA25E7-63A1-4BCE-8E22-50B5FF607370}.Debug|iPhoneSimulator.Build.0 = Debug|iPhoneSimulator
		{FDFA25E7-63A1-4BCE-8E22-50B5FF607370}.Release|iPhoneSimulator.ActiveCfg = Release|iPhoneSimulator
		{FDFA25E7-63A1-4BCE-8E22-50B5FF607370}.Release|iPhoneSimulator.Build.0 = Release|iPhoneSimulator
		{FDFA25E7-63A1-4BCE-8E22-50B5FF607370}.Debug|iPhone.ActiveCfg = Debug|iPhone
		{FDFA25E7-63A1-4BCE-8E22-50B5FF607370}.Debug|iPhone.Build.0 = Debug|iPhone
		{FDFA25E7-63A1-4BCE-8E22-50B5FF607370}.Release|iPhone.ActiveCfg = Release|iPhone
		{FDFA25E7-63A1-4BCE-8E22-50B5FF607370}.Release|iPhone.Build.0 = Release|iPhone
		{FDFA25E7-63A1-4BCE-8E22-50B5FF607370}.Ad-Hoc|iPhone.ActiveCfg = Ad-Hoc|iPhone
		{FDFA25E7-63A1-4BCE-8E22-50B5FF607370}.Ad-Hoc|iPhone.Build.0 = Ad-Hoc|iPhone
		{FDFA25E7-63A1-4BCE-8E22-50B5FF607370}.AppStore|iPhone.ActiveCfg = AppStore|iPhone
		{FDFA25E7-63A1-4BCE-8E22-50B5FF607370}.AppStore|iPhone.Build.0 = AppStore|iPhone
	EndGlobalSection
EndGlobal
