Microsoft Visual Studio Solution File, Format Version 12.00
# Visual Studio 15
VisualStudioVersion = 15.0.27428.2015
MinimumVisualStudioVersion = 10.0.40219.1
Project("{9A19103F-16F7-4668-BE54-9A1E7A4F7556}") = "ClassifiedApp2", "ClassifiedApp2\ClassifiedApp2\ClassifiedApp2.csproj", "{736D1787-CEA8-4FBB-82AB-F3C8447A97BB}"
EndProject
Project("{FAE04EC0-301F-11D3-BF4B-00C04F79EFBC}") = "ClassifiedApp2.Android", "ClassifiedApp2\ClassifiedApp2.Android\ClassifiedApp2.Android.csproj", "{BF547509-9912-42E3-8841-E56011B12423}"
EndProject
Project("{FAE04EC0-301F-11D3-BF4B-00C04F79EFBC}") = "ClassifiedApp2.iOS", "ClassifiedApp2\ClassifiedApp2.iOS\ClassifiedApp2.iOS.csproj", "{FDFA25E7-63A1-4BCE-8E22-50B5FF607370}"
EndProject
Project("{2150E333-8FDC-42A3-9474-1A3956D46DE8}") = "ZBackend", "ZBackend", "{FB3A835B-AD0E-4BD9-B261-000520ABCCF2}"
EndProject
Project("{9A19103F-16F7-4668-BE54-9A1E7A4F7556}") = "ClassifiedApp2.Common", "ClassifiedApp2.Common\ClassifiedApp2.Common.csproj", "{D7EFAA57-0C02-4FB8-859F-328BA3165AAD}"
EndProject
Global
	GlobalSection(SolutionConfigurationPlatforms) = preSolution
		Ad-Hoc|Any CPU = Ad-Hoc|Any CPU
		Ad-Hoc|iPhone = Ad-Hoc|iPhone
		Ad-Hoc|iPhoneSimulator = Ad-Hoc|iPhoneSimulator
		AppStore|Any CPU = AppStore|Any CPU
		AppStore|iPhone = AppStore|iPhone
		AppStore|iPhoneSimulator = AppStore|iPhoneSimulator
		Debug|Any CPU = Debug|Any CPU
		Debug|iPhone = Debug|iPhone
		Debug|iPhoneSimulator = Debug|iPhoneSimulator
		Release|Any CPU = Release|Any CPU
		Release|iPhone = Release|iPhone
		Release|iPhoneSimulator = Release|iPhoneSimulator
	EndGlobalSection
	GlobalSection(ProjectConfigurationPlatforms) = postSolution
		{736D1787-CEA8-4FBB-82AB-F3C8447A97BB}.Ad-Hoc|Any CPU.ActiveCfg = Release|Any CPU
		{736D1787-CEA8-4FBB-82AB-F3C8447A97BB}.Ad-Hoc|Any CPU.Build.0 = Release|Any CPU
		{736D1787-CEA8-4FBB-82AB-F3C8447A97BB}.Ad-Hoc|iPhone.ActiveCfg = Debug|Any CPU
		{736D1787-CEA8-4FBB-82AB-F3C8447A97BB}.Ad-Hoc|iPhone.Build.0 = Debug|Any CPU
		{736D1787-CEA8-4FBB-82AB-F3C8447A97BB}.Ad-Hoc|iPhoneSimulator.ActiveCfg = Release|Any CPU
		{736D1787-CEA8-4FBB-82AB-F3C8447A97BB}.Ad-Hoc|iPhoneSimulator.Build.0 = Release|Any CPU
		{736D1787-CEA8-4FBB-82AB-F3C8447A97BB}.AppStore|Any CPU.ActiveCfg = Release|Any CPU
		{736D1787-CEA8-4FBB-82AB-F3C8447A97BB}.AppStore|Any CPU.Build.0 = Release|Any CPU
		{736D1787-CEA8-4FBB-82AB-F3C8447A97BB}.AppStore|iPhone.ActiveCfg = Debug|Any CPU
		{736D1787-CEA8-4FBB-82AB-F3C8447A97BB}.AppStore|iPhone.Build.0 = Debug|Any CPU
		{736D1787-CEA8-4FBB-82AB-F3C8447A97BB}.AppStore|iPhoneSimulator.ActiveCfg = Release|Any CPU
		{736D1787-CEA8-4FBB-82AB-F3C8447A97BB}.AppStore|iPhoneSimulator.Build.0 = Release|Any CPU
		{736D1787-CEA8-4FBB-82AB-F3C8447A97BB}.Debug|Any CPU.ActiveCfg = Debug|Any CPU
		{736D1787-CEA8-4FBB-82AB-F3C8447A97BB}.Debug|Any CPU.Build.0 = Debug|Any CPU
		{736D1787-CEA8-4FBB-82AB-F3C8447A97BB}.Debug|iPhone.ActiveCfg = Debug|Any CPU
		{736D1787-CEA8-4FBB-82AB-F3C8447A97BB}.Debug|iPhone.Build.0 = Debug|Any CPU
		{736D1787-CEA8-4FBB-82AB-F3C8447A97BB}.Debug|iPhoneSimulator.ActiveCfg = Debug|Any CPU
		{736D1787-CEA8-4FBB-82AB-F3C8447A97BB}.Debug|iPhoneSimulator.Build.0 = Debug|Any CPU
		{736D1787-CEA8-4FBB-82AB-F3C8447A97BB}.Release|Any CPU.ActiveCfg = Release|Any CPU
		{736D1787-CEA8-4FBB-82AB-F3C8447A97BB}.Release|Any CPU.Build.0 = Release|Any CPU
		{736D1787-CEA8-4FBB-82AB-F3C8447A97BB}.Release|iPhone.ActiveCfg = Release|Any CPU
		{736D1787-CEA8-4FBB-82AB-F3C8447A97BB}.Release|iPhone.Build.0 = Release|Any CPU
		{736D1787-CEA8-4FBB-82AB-F3C8447A97BB}.Release|iPhoneSimulator.ActiveCfg = Release|Any CPU
		{736D1787-CEA8-4FBB-82AB-F3C8447A97BB}.Release|iPhoneSimulator.Build.0 = Release|Any CPU
		{BF547509-9912-42E3-8841-E56011B12423}.Ad-Hoc|Any CPU.ActiveCfg = Release|Any CPU
		{BF547509-9912-42E3-8841-E56011B12423}.Ad-Hoc|Any CPU.Build.0 = Release|Any CPU
		{BF547509-9912-42E3-8841-E56011B12423}.Ad-Hoc|Any CPU.Deploy.0 = Release|Any CPU
		{BF547509-9912-42E3-8841-E56011B12423}.Ad-Hoc|iPhone.ActiveCfg = Debug|Any CPU
		{BF547509-9912-42E3-8841-E56011B12423}.Ad-Hoc|iPhone.Build.0 = Debug|Any CPU
		{BF547509-9912-42E3-8841-E56011B12423}.Ad-Hoc|iPhoneSimulator.ActiveCfg = Release|Any CPU
		{BF547509-9912-42E3-8841-E56011B12423}.Ad-Hoc|iPhoneSimulator.Build.0 = Release|Any CPU
		{BF547509-9912-42E3-8841-E56011B12423}.Ad-Hoc|iPhoneSimulator.Deploy.0 = Release|Any CPU
		{BF547509-9912-42E3-8841-E56011B12423}.AppStore|Any CPU.ActiveCfg = Release|Any CPU
		{BF547509-9912-42E3-8841-E56011B12423}.AppStore|Any CPU.Build.0 = Release|Any CPU
		{BF547509-9912-42E3-8841-E56011B12423}.AppStore|Any CPU.Deploy.0 = Release|Any CPU
		{BF547509-9912-42E3-8841-E56011B12423}.AppStore|iPhone.ActiveCfg = Debug|Any CPU
		{BF547509-9912-42E3-8841-E56011B12423}.AppStore|iPhone.Build.0 = Debug|Any CPU
		{BF547509-9912-42E3-8841-E56011B12423}.AppStore|iPhoneSimulator.ActiveCfg = Release|Any CPU
		{BF547509-9912-42E3-8841-E56011B12423}.AppStore|iPhoneSimulator.Build.0 = Release|Any CPU
		{BF547509-9912-42E3-8841-E56011B12423}.AppStore|iPhoneSimulator.Deploy.0 = Release|Any CPU
		{BF547509-9912-42E3-8841-E56011B12423}.Debug|Any CPU.ActiveCfg = Debug|Any CPU
		{BF547509-9912-42E3-8841-E56011B12423}.Debug|Any CPU.Build.0 = Debug|Any CPU
		{BF547509-9912-42E3-8841-E56011B12423}.Debug|Any CPU.Deploy.0 = Debug|Any CPU
		{BF547509-9912-42E3-8841-E56011B12423}.Debug|iPhone.ActiveCfg = Debug|Any CPU
		{BF547509-9912-42E3-8841-E56011B12423}.Debug|iPhone.Build.0 = Debug|Any CPU
		{BF547509-9912-42E3-8841-E56011B12423}.Debug|iPhoneSimulator.ActiveCfg = Debug|Any CPU
		{BF547509-9912-42E3-8841-E56011B12423}.Debug|iPhoneSimulator.Build.0 = Debug|Any CPU
		{BF547509-9912-42E3-8841-E56011B12423}.Release|Any CPU.ActiveCfg = Release|Any CPU
		{BF547509-9912-42E3-8841-E56011B12423}.Release|Any CPU.Build.0 = Release|Any CPU
		{BF547509-9912-42E3-8841-E56011B12423}.Release|iPhone.ActiveCfg = Release|Any CPU
		{BF547509-9912-42E3-8841-E56011B12423}.Release|iPhone.Build.0 = Release|Any CPU
		{BF547509-9912-42E3-8841-E56011B12423}.Release|iPhoneSimulator.ActiveCfg = Release|Any CPU
		{BF547509-9912-42E3-8841-E56011B12423}.Release|iPhoneSimulator.Build.0 = Release|Any CPU
		{FDFA25E7-63A1-4BCE-8E22-50B5FF607370}.Ad-Hoc|Any CPU.ActiveCfg = Ad-Hoc|iPhoneSimulator
		{FDFA25E7-63A1-4BCE-8E22-50B5FF607370}.Ad-Hoc|iPhone.ActiveCfg = Ad-Hoc|iPhone
		{FDFA25E7-63A1-4BCE-8E22-50B5FF607370}.Ad-Hoc|iPhone.Build.0 = Ad-Hoc|iPhone
		{FDFA25E7-63A1-4BCE-8E22-50B5FF607370}.Ad-Hoc|iPhoneSimulator.ActiveCfg = Ad-Hoc|iPhoneSimulator
		{FDFA25E7-63A1-4BCE-8E22-50B5FF607370}.Ad-Hoc|iPhoneSimulator.Build.0 = Ad-Hoc|iPhoneSimulator
		{FDFA25E7-63A1-4BCE-8E22-50B5FF607370}.AppStore|Any CPU.ActiveCfg = AppStore|iPhoneSimulator
		{FDFA25E7-63A1-4BCE-8E22-50B5FF607370}.AppStore|iPhone.ActiveCfg = AppStore|iPhone
		{FDFA25E7-63A1-4BCE-8E22-50B5FF607370}.AppStore|iPhone.Build.0 = AppStore|iPhone
		{FDFA25E7-63A1-4BCE-8E22-50B5FF607370}.AppStore|iPhoneSimulator.ActiveCfg = AppStore|iPhoneSimulator
		{FDFA25E7-63A1-4BCE-8E22-50B5FF607370}.AppStore|iPhoneSimulator.Build.0 = AppStore|iPhoneSimulator
		{FDFA25E7-63A1-4BCE-8E22-50B5FF607370}.Debug|Any CPU.ActiveCfg = Debug|iPhoneSimulator
		{FDFA25E7-63A1-4BCE-8E22-50B5FF607370}.Debug|Any CPU.Build.0 = Debug|iPhoneSimulator
		{FDFA25E7-63A1-4BCE-8E22-50B5FF607370}.Debug|iPhone.ActiveCfg = Debug|iPhone
		{FDFA25E7-63A1-4BCE-8E22-50B5FF607370}.Debug|iPhone.Build.0 = Debug|iPhone
		{FDFA25E7-63A1-4BCE-8E22-50B5FF607370}.Debug|iPhoneSimulator.ActiveCfg = Debug|iPhoneSimulator
		{FDFA25E7-63A1-4BCE-8E22-50B5FF607370}.Debug|iPhoneSimulator.Build.0 = Debug|iPhoneSimulator
		{FDFA25E7-63A1-4BCE-8E22-50B5FF607370}.Release|Any CPU.ActiveCfg = Release|iPhoneSimulator
		{FDFA25E7-63A1-4BCE-8E22-50B5FF607370}.Release|Any CPU.Build.0 = Release|iPhoneSimulator
		{FDFA25E7-63A1-4BCE-8E22-50B5FF607370}.Release|iPhone.ActiveCfg = Release|iPhone
		{FDFA25E7-63A1-4BCE-8E22-50B5FF607370}.Release|iPhone.Build.0 = Release|iPhone
		{FDFA25E7-63A1-4BCE-8E22-50B5FF607370}.Release|iPhoneSimulator.ActiveCfg = Release|iPhoneSimulator
		{FDFA25E7-63A1-4BCE-8E22-50B5FF607370}.Release|iPhoneSimulator.Build.0 = Release|iPhoneSimulator
		{D7EFAA57-0C02-4FB8-859F-328BA3165AAD}.Ad-Hoc|Any CPU.ActiveCfg = Debug|Any CPU
		{D7EFAA57-0C02-4FB8-859F-328BA3165AAD}.Ad-Hoc|Any CPU.Build.0 = Debug|Any CPU
		{D7EFAA57-0C02-4FB8-859F-328BA3165AAD}.Ad-Hoc|iPhone.ActiveCfg = Release|Any CPU
		{D7EFAA57-0C02-4FB8-859F-328BA3165AAD}.Ad-Hoc|iPhone.Build.0 = Release|Any CPU
		{D7EFAA57-0C02-4FB8-859F-328BA3165AAD}.Ad-Hoc|iPhoneSimulator.ActiveCfg = Debug|Any CPU
		{D7EFAA57-0C02-4FB8-859F-328BA3165AAD}.Ad-Hoc|iPhoneSimulator.Build.0 = Debug|Any CPU
		{D7EFAA57-0C02-4FB8-859F-328BA3165AAD}.AppStore|Any CPU.ActiveCfg = Debug|Any CPU
		{D7EFAA57-0C02-4FB8-859F-328BA3165AAD}.AppStore|Any CPU.Build.0 = Debug|Any CPU
		{D7EFAA57-0C02-4FB8-859F-328BA3165AAD}.AppStore|iPhone.ActiveCfg = Release|Any CPU
		{D7EFAA57-0C02-4FB8-859F-328BA3165AAD}.AppStore|iPhone.Build.0 = Release|Any CPU
		{D7EFAA57-0C02-4FB8-859F-328BA3165AAD}.AppStore|iPhoneSimulator.ActiveCfg = Debug|Any CPU
		{D7EFAA57-0C02-4FB8-859F-328BA3165AAD}.AppStore|iPhoneSimulator.Build.0 = Debug|Any CPU
		{D7EFAA57-0C02-4FB8-859F-328BA3165AAD}.Debug|Any CPU.ActiveCfg = Debug|Any CPU
		{D7EFAA57-0C02-4FB8-859F-328BA3165AAD}.Debug|Any CPU.Build.0 = Debug|Any CPU
		{D7EFAA57-0C02-4FB8-859F-328BA3165AAD}.Debug|iPhone.ActiveCfg = Debug|Any CPU
		{D7EFAA57-0C02-4FB8-859F-328BA3165AAD}.Debug|iPhone.Build.0 = Debug|Any CPU
		{D7EFAA57-0C02-4FB8-859F-328BA3165AAD}.Debug|iPhoneSimulator.ActiveCfg = Debug|Any CPU
		{D7EFAA57-0C02-4FB8-859F-328BA3165AAD}.Debug|iPhoneSimulator.Build.0 = Debug|Any CPU
		{D7EFAA57-0C02-4FB8-859F-328BA3165AAD}.Release|Any CPU.ActiveCfg = Release|Any CPU
		{D7EFAA57-0C02-4FB8-859F-328BA3165AAD}.Release|Any CPU.Build.0 = Release|Any CPU
		{D7EFAA57-0C02-4FB8-859F-328BA3165AAD}.Release|iPhone.ActiveCfg = Release|Any CPU
		{D7EFAA57-0C02-4FB8-859F-328BA3165AAD}.Release|iPhone.Build.0 = Release|Any CPU
		{D7EFAA57-0C02-4FB8-859F-328BA3165AAD}.Release|iPhoneSimulator.ActiveCfg = Release|Any CPU
		{D7EFAA57-0C02-4FB8-859F-328BA3165AAD}.Release|iPhoneSimulator.Build.0 = Release|Any CPU
	EndGlobalSection
	GlobalSection(SolutionProperties) = preSolution
		HideSolutionNode = FALSE
	EndGlobalSection
	GlobalSection(NestedProjects) = preSolution
		{D7EFAA57-0C02-4FB8-859F-328BA3165AAD} = {FB3A835B-AD0E-4BD9-B261-000520ABCCF2}
	EndGlobalSection
	GlobalSection(ExtensibilityGlobals) = postSolution
		SolutionGuid = {46915A4B-63FC-49F5-985D-C05F2AD9FA8E}
	EndGlobalSection
EndGlobal
